// !$*UTF8*$!
{
	archiveVersion = 1;
	classes = {
	};
	objectVersion = 51;
	objects = {

/* Begin PBXBuildFile section */
		A02A9B66AE00541F0237AA90 /* Pods_GoGig.framework in Frameworks */ = {isa = PBXBuildFile; fileRef = DB71A3075EBA9C6F3D6CB118 /* Pods_GoGig.framework */; };
		FE0141DD22E749370012343A /* ActivityFeedCollectionView.swift in Sources */ = {isa = PBXBuildFile; fileRef = FE0141DC22E749370012343A /* ActivityFeedCollectionView.swift */; };
		FE0141DF22E74A3A0012343A /* ActivityMenuBar.swift in Sources */ = {isa = PBXBuildFile; fileRef = FE0141DE22E74A3A0012343A /* ActivityMenuBar.swift */; };
		FE16DBD622DDE2E70005E3AE /* UserAccountUI.swift in Sources */ = {isa = PBXBuildFile; fileRef = FE16DBD522DDE2E70005E3AE /* UserAccountUI.swift */; };
		FE16DBD822DDE6C00005E3AE /* MyTextField.swift in Sources */ = {isa = PBXBuildFile; fileRef = FE16DBD722DDE6C00005E3AE /* MyTextField.swift */; };
		FE2B049922EB4EE5001210FD /* ActivityNotification.swift in Sources */ = {isa = PBXBuildFile; fileRef = FE2B049822EB4EE5001210FD /* ActivityNotification.swift */; };
		FE339C6A22E625D300645419 /* ActivityFeedVC.swift in Sources */ = {isa = PBXBuildFile; fileRef = FE339C6922E625D200645419 /* ActivityFeedVC.swift */; };
		FE339C6C22E626A400645419 /* ActivityFeedCell.swift in Sources */ = {isa = PBXBuildFile; fileRef = FE339C6B22E626A400645419 /* ActivityFeedCell.swift */; };
		FE4978212344AF4A00F1711F /* SpinnerViewController.swift in Sources */ = {isa = PBXBuildFile; fileRef = FE4978202344AF4A00F1711F /* SpinnerViewController.swift */; };
		FE4AF5AA22F319C400D8ED7A /* EventDescriptionVC.swift in Sources */ = {isa = PBXBuildFile; fileRef = FE4AF5A922F319C300D8ED7A /* EventDescriptionVC.swift */; };
		FE701BF422D7364300FC06CE /* AppDelegate.swift in Sources */ = {isa = PBXBuildFile; fileRef = FE701BF322D7364300FC06CE /* AppDelegate.swift */; };
		FE701BF922D7364300FC06CE /* Main.storyboard in Resources */ = {isa = PBXBuildFile; fileRef = FE701BF722D7364300FC06CE /* Main.storyboard */; };
		FE701BFB22D7364600FC06CE /* Assets.xcassets in Resources */ = {isa = PBXBuildFile; fileRef = FE701BFA22D7364600FC06CE /* Assets.xcassets */; };
		FE701BFE22D7364600FC06CE /* LaunchScreen.storyboard in Resources */ = {isa = PBXBuildFile; fileRef = FE701BFC22D7364600FC06CE /* LaunchScreen.storyboard */; };
		FE72535623D6145C00379553 /* Constants.swift in Sources */ = {isa = PBXBuildFile; fileRef = FE72535523D6145C00379553 /* Constants.swift */; };
		FE72535823D614A000379553 /* ApplicationExtensions.swift in Sources */ = {isa = PBXBuildFile; fileRef = FE72535723D614A000379553 /* ApplicationExtensions.swift */; };
		FE72535A23D614BC00379553 /* GigEventView.swift in Sources */ = {isa = PBXBuildFile; fileRef = FE72535923D614BC00379553 /* GigEventView.swift */; };
		FE8C069723181FB900922FF2 /* CreateProfileCAVC.swift in Sources */ = {isa = PBXBuildFile; fileRef = FE8C069623181FB900922FF2 /* CreateProfileCAVC.swift */; };
		FE8C069D23182E5500922FF2 /* MusicLinksCAVC.swift in Sources */ = {isa = PBXBuildFile; fileRef = FE8C069C23182E5500922FF2 /* MusicLinksCAVC.swift */; };
		FE8C069F2318337E00922FF2 /* LoginSignupVC.swift in Sources */ = {isa = PBXBuildFile; fileRef = FE8C069E2318337E00922FF2 /* LoginSignupVC.swift */; };
		FE8FFD6423DA485300255975 /* GoogleService-Info.plist in Resources */ = {isa = PBXBuildFile; fileRef = FE8FFD6323DA485300255975 /* GoogleService-Info.plist */; };
		FE98764923D5CD6800BE5E37 /* SocialLinksCAVC.swift in Sources */ = {isa = PBXBuildFile; fileRef = FE98764823D5CD6800BE5E37 /* SocialLinksCAVC.swift */; };
		FEC8C6BE22EA40240068C43D /* ActivityCollectionViewCell.swift in Sources */ = {isa = PBXBuildFile; fileRef = FEC8C6BD22EA40240068C43D /* ActivityCollectionViewCell.swift */; };
		FECCACC122D75E6300D617CB /* Extensions.swift in Sources */ = {isa = PBXBuildFile; fileRef = FECCACC022D75E6300D617CB /* Extensions.swift */; };
		FECCACC322D75EB800D617CB /* UserAccountTableView.swift in Sources */ = {isa = PBXBuildFile; fileRef = FECCACC222D75EB800D617CB /* UserAccountTableView.swift */; };
		FECCACC522D75F0000D617CB /* AuthService.swift in Sources */ = {isa = PBXBuildFile; fileRef = FECCACC422D75F0000D617CB /* AuthService.swift */; };
		FECCACC722D75F5300D617CB /* DataService.swift in Sources */ = {isa = PBXBuildFile; fileRef = FECCACC622D75F5300D617CB /* DataService.swift */; };
		FECCACC922D75FA000D617CB /* GigEvent.swift in Sources */ = {isa = PBXBuildFile; fileRef = FECCACC822D75FA000D617CB /* GigEvent.swift */; };
		FECCACCB22D75FEC00D617CB /* PortfolioPost.swift in Sources */ = {isa = PBXBuildFile; fileRef = FECCACCA22D75FEC00D617CB /* PortfolioPost.swift */; };
		FECCACCD22D7601700D617CB /* User.swift in Sources */ = {isa = PBXBuildFile; fileRef = FECCACCC22D7601700D617CB /* User.swift */; };
		FECCACCF22D7605E00D617CB /* AccountHeaderCell.swift in Sources */ = {isa = PBXBuildFile; fileRef = FECCACCE22D7605E00D617CB /* AccountHeaderCell.swift */; };
		FECCACD122D7609100D617CB /* AccountPostCell.swift in Sources */ = {isa = PBXBuildFile; fileRef = FECCACD022D7609100D617CB /* AccountPostCell.swift */; };
		FECCACD322D760CD00D617CB /* AutoComplete.swift in Sources */ = {isa = PBXBuildFile; fileRef = FECCACD222D760CD00D617CB /* AutoComplete.swift */; };
		FECCACD522D760FF00D617CB /* LoginField.swift in Sources */ = {isa = PBXBuildFile; fileRef = FECCACD422D760FF00D617CB /* LoginField.swift */; };
		FECCACD722D7614500D617CB /* MyTextView.swift in Sources */ = {isa = PBXBuildFile; fileRef = FECCACD622D7614500D617CB /* MyTextView.swift */; };
		FECCACD922D7617800D617CB /* PostContainerView.swift in Sources */ = {isa = PBXBuildFile; fileRef = FECCACD822D7617800D617CB /* PostContainerView.swift */; };
		FECCACDB22D761A600D617CB /* LoadingCell.swift in Sources */ = {isa = PBXBuildFile; fileRef = FECCACDA22D761A600D617CB /* LoadingCell.swift */; };
		FECCACDD22D761D700D617CB /* TabBarController.swift in Sources */ = {isa = PBXBuildFile; fileRef = FECCACDC22D761D700D617CB /* TabBarController.swift */; };
		FECCACDF22D7622200D617CB /* LoginViewController.swift in Sources */ = {isa = PBXBuildFile; fileRef = FECCACDE22D7622200D617CB /* LoginViewController.swift */; };
		FECCACE122D7625500D617CB /* CreateAccountVC.swift in Sources */ = {isa = PBXBuildFile; fileRef = FECCACE022D7625500D617CB /* CreateAccountVC.swift */; };
		FECCACE322D7628700D617CB /* UserAccountVC.swift in Sources */ = {isa = PBXBuildFile; fileRef = FECCACE222D7628700D617CB /* UserAccountVC.swift */; };
		FECCACE522D762BE00D617CB /* PortfolioPostVC.swift in Sources */ = {isa = PBXBuildFile; fileRef = FECCACE422D762BE00D617CB /* PortfolioPostVC.swift */; };
		FECCACE722D762F600D617CB /* CreateGigVC.swift in Sources */ = {isa = PBXBuildFile; fileRef = FECCACE622D762F600D617CB /* CreateGigVC.swift */; };
		FECCACE922D7632A00D617CB /* TitleDateCGVC.swift in Sources */ = {isa = PBXBuildFile; fileRef = FECCACE822D7632A00D617CB /* TitleDateCGVC.swift */; };
		FECCACEB22D7635800D617CB /* LocationPriceCGVC.swift in Sources */ = {isa = PBXBuildFile; fileRef = FECCACEA22D7635800D617CB /* LocationPriceCGVC.swift */; };
		FECCACED22D7638900D617CB /* InfoContactCGVC.swift in Sources */ = {isa = PBXBuildFile; fileRef = FECCACEC22D7638900D617CB /* InfoContactCGVC.swift */; };
		FECCACEF22D763BC00D617CB /* PhotoCGVC.swift in Sources */ = {isa = PBXBuildFile; fileRef = FECCACEE22D763BC00D617CB /* PhotoCGVC.swift */; };
		FECCACF122D763E900D617CB /* FindGigVC.swift in Sources */ = {isa = PBXBuildFile; fileRef = FECCACF022D763E900D617CB /* FindGigVC.swift */; };
		FED01F1222F1CB9400E7CB4F /* ReviewApplicationVC.swift in Sources */ = {isa = PBXBuildFile; fileRef = FED01F1122F1CB9400E7CB4F /* ReviewApplicationVC.swift */; };
		FEFEB6A522E086C00094CFC9 /* StringExtensions.swift in Sources */ = {isa = PBXBuildFile; fileRef = FEFEB6A422E086C00094CFC9 /* StringExtensions.swift */; };
/* End PBXBuildFile section */

/* Begin PBXFileReference section */
		247BD3913CFF680B937268F8 /* Pods-GoGig.release.xcconfig */ = {isa = PBXFileReference; includeInIndex = 1; lastKnownFileType = text.xcconfig; name = "Pods-GoGig.release.xcconfig"; path = "Target Support Files/Pods-GoGig/Pods-GoGig.release.xcconfig"; sourceTree = "<group>"; };
		794909069523DA50B9948C74 /* Pods-GoGig.debug.xcconfig */ = {isa = PBXFileReference; includeInIndex = 1; lastKnownFileType = text.xcconfig; name = "Pods-GoGig.debug.xcconfig"; path = "Target Support Files/Pods-GoGig/Pods-GoGig.debug.xcconfig"; sourceTree = "<group>"; };
		DB71A3075EBA9C6F3D6CB118 /* Pods_GoGig.framework */ = {isa = PBXFileReference; explicitFileType = wrapper.framework; includeInIndex = 0; path = Pods_GoGig.framework; sourceTree = BUILT_PRODUCTS_DIR; };
		FE0141DC22E749370012343A /* ActivityFeedCollectionView.swift */ = {isa = PBXFileReference; lastKnownFileType = sourcecode.swift; name = ActivityFeedCollectionView.swift; path = GoGig/Controller/ActivityFeedCollectionView.swift; sourceTree = SOURCE_ROOT; };
		FE0141DE22E74A3A0012343A /* ActivityMenuBar.swift */ = {isa = PBXFileReference; lastKnownFileType = sourcecode.swift; path = ActivityMenuBar.swift; sourceTree = "<group>"; };
		FE16DBD522DDE2E70005E3AE /* UserAccountUI.swift */ = {isa = PBXFileReference; lastKnownFileType = sourcecode.swift; name = UserAccountUI.swift; path = GoGig/UserAccountUI.swift; sourceTree = SOURCE_ROOT; };
		FE16DBD722DDE6C00005E3AE /* MyTextField.swift */ = {isa = PBXFileReference; lastKnownFileType = sourcecode.swift; name = MyTextField.swift; path = GoGig/MyTextField.swift; sourceTree = SOURCE_ROOT; };
		FE1A544A2310416A00B95AE1 /* GoGig.entitlements */ = {isa = PBXFileReference; lastKnownFileType = text.plist.entitlements; path = GoGig.entitlements; sourceTree = "<group>"; };
		FE2B049822EB4EE5001210FD /* ActivityNotification.swift */ = {isa = PBXFileReference; lastKnownFileType = sourcecode.swift; name = ActivityNotification.swift; path = GoGig/ActivityNotification.swift; sourceTree = SOURCE_ROOT; };
		FE339C6922E625D200645419 /* ActivityFeedVC.swift */ = {isa = PBXFileReference; lastKnownFileType = sourcecode.swift; path = ActivityFeedVC.swift; sourceTree = "<group>"; };
		FE339C6B22E626A400645419 /* ActivityFeedCell.swift */ = {isa = PBXFileReference; lastKnownFileType = sourcecode.swift; path = ActivityFeedCell.swift; sourceTree = "<group>"; };
		FE4978202344AF4A00F1711F /* SpinnerViewController.swift */ = {isa = PBXFileReference; lastKnownFileType = sourcecode.swift; name = SpinnerViewController.swift; path = GoGig/View/SpinnerViewController.swift; sourceTree = SOURCE_ROOT; };
		FE4AF5A922F319C300D8ED7A /* EventDescriptionVC.swift */ = {isa = PBXFileReference; lastKnownFileType = sourcecode.swift; name = EventDescriptionVC.swift; path = GoGig/EventDescriptionVC.swift; sourceTree = SOURCE_ROOT; };
		FE639DB922D744C600DCE58B /* Info.plist */ = {isa = PBXFileReference; fileEncoding = 4; lastKnownFileType = text.plist.xml; path = Info.plist; sourceTree = "<group>"; };
		FE701BF022D7364300FC06CE /* GoGig.app */ = {isa = PBXFileReference; explicitFileType = wrapper.application; includeInIndex = 0; path = GoGig.app; sourceTree = BUILT_PRODUCTS_DIR; };
		FE701BF322D7364300FC06CE /* AppDelegate.swift */ = {isa = PBXFileReference; lastKnownFileType = sourcecode.swift; path = AppDelegate.swift; sourceTree = "<group>"; };
		FE701BF822D7364300FC06CE /* Base */ = {isa = PBXFileReference; lastKnownFileType = file.storyboard; name = Base; path = Base.lproj/Main.storyboard; sourceTree = "<group>"; };
		FE701BFA22D7364600FC06CE /* Assets.xcassets */ = {isa = PBXFileReference; lastKnownFileType = folder.assetcatalog; path = Assets.xcassets; sourceTree = "<group>"; };
		FE701BFD22D7364600FC06CE /* Base */ = {isa = PBXFileReference; lastKnownFileType = file.storyboard; name = Base; path = Base.lproj/LaunchScreen.storyboard; sourceTree = "<group>"; };
		FE72535523D6145C00379553 /* Constants.swift */ = {isa = PBXFileReference; fileEncoding = 4; lastKnownFileType = sourcecode.swift; name = Constants.swift; path = GoGig/Constants.swift; sourceTree = SOURCE_ROOT; };
		FE72535723D614A000379553 /* ApplicationExtensions.swift */ = {isa = PBXFileReference; fileEncoding = 4; lastKnownFileType = sourcecode.swift; path = ApplicationExtensions.swift; sourceTree = "<group>"; };
		FE72535923D614BC00379553 /* GigEventView.swift */ = {isa = PBXFileReference; fileEncoding = 4; lastKnownFileType = sourcecode.swift; path = GigEventView.swift; sourceTree = "<group>"; };
		FE8C069623181FB900922FF2 /* CreateProfileCAVC.swift */ = {isa = PBXFileReference; lastKnownFileType = sourcecode.swift; path = CreateProfileCAVC.swift; sourceTree = "<group>"; };
		FE8C069C23182E5500922FF2 /* MusicLinksCAVC.swift */ = {isa = PBXFileReference; lastKnownFileType = sourcecode.swift; path = MusicLinksCAVC.swift; sourceTree = "<group>"; };
		FE8C069E2318337E00922FF2 /* LoginSignupVC.swift */ = {isa = PBXFileReference; lastKnownFileType = sourcecode.swift; path = LoginSignupVC.swift; sourceTree = "<group>"; };
		FE8FFD6323DA485300255975 /* GoogleService-Info.plist */ = {isa = PBXFileReference; fileEncoding = 4; lastKnownFileType = text.plist.xml; name = "GoogleService-Info.plist"; path = "../../../../../../../Downloads/GoogleService-Info.plist"; sourceTree = "<group>"; };
		FE98764823D5CD6800BE5E37 /* SocialLinksCAVC.swift */ = {isa = PBXFileReference; fileEncoding = 4; lastKnownFileType = sourcecode.swift; path = SocialLinksCAVC.swift; sourceTree = "<group>"; };
		FEC8C6BD22EA40240068C43D /* ActivityCollectionViewCell.swift */ = {isa = PBXFileReference; lastKnownFileType = sourcecode.swift; path = ActivityCollectionViewCell.swift; sourceTree = "<group>"; };
		FECCACC022D75E6300D617CB /* Extensions.swift */ = {isa = PBXFileReference; lastKnownFileType = sourcecode.swift; name = Extensions.swift; path = GoGig/Extensions.swift; sourceTree = SOURCE_ROOT; };
		FECCACC222D75EB800D617CB /* UserAccountTableView.swift */ = {isa = PBXFileReference; lastKnownFileType = sourcecode.swift; name = UserAccountTableView.swift; path = GoGig/UserAccountTableView.swift; sourceTree = SOURCE_ROOT; };
		FECCACC422D75F0000D617CB /* AuthService.swift */ = {isa = PBXFileReference; lastKnownFileType = sourcecode.swift; name = AuthService.swift; path = GoGig/AuthService.swift; sourceTree = SOURCE_ROOT; };
		FECCACC622D75F5300D617CB /* DataService.swift */ = {isa = PBXFileReference; lastKnownFileType = sourcecode.swift; name = DataService.swift; path = GoGig/DataService.swift; sourceTree = SOURCE_ROOT; };
		FECCACC822D75FA000D617CB /* GigEvent.swift */ = {isa = PBXFileReference; lastKnownFileType = sourcecode.swift; name = GigEvent.swift; path = GoGig/GigEvent.swift; sourceTree = SOURCE_ROOT; };
		FECCACCA22D75FEC00D617CB /* PortfolioPost.swift */ = {isa = PBXFileReference; lastKnownFileType = sourcecode.swift; name = PortfolioPost.swift; path = GoGig/PortfolioPost.swift; sourceTree = SOURCE_ROOT; };
		FECCACCC22D7601700D617CB /* User.swift */ = {isa = PBXFileReference; lastKnownFileType = sourcecode.swift; name = User.swift; path = GoGig/User.swift; sourceTree = SOURCE_ROOT; };
		FECCACCE22D7605E00D617CB /* AccountHeaderCell.swift */ = {isa = PBXFileReference; lastKnownFileType = sourcecode.swift; name = AccountHeaderCell.swift; path = GoGig/AccountHeaderCell.swift; sourceTree = SOURCE_ROOT; };
		FECCACD022D7609100D617CB /* AccountPostCell.swift */ = {isa = PBXFileReference; lastKnownFileType = sourcecode.swift; name = AccountPostCell.swift; path = GoGig/AccountPostCell.swift; sourceTree = SOURCE_ROOT; };
		FECCACD222D760CD00D617CB /* AutoComplete.swift */ = {isa = PBXFileReference; lastKnownFileType = sourcecode.swift; name = AutoComplete.swift; path = GoGig/AutoComplete.swift; sourceTree = SOURCE_ROOT; };
		FECCACD422D760FF00D617CB /* LoginField.swift */ = {isa = PBXFileReference; lastKnownFileType = sourcecode.swift; name = LoginField.swift; path = GoGig/LoginField.swift; sourceTree = SOURCE_ROOT; };
		FECCACD622D7614500D617CB /* MyTextView.swift */ = {isa = PBXFileReference; lastKnownFileType = sourcecode.swift; name = MyTextView.swift; path = GoGig/MyTextView.swift; sourceTree = SOURCE_ROOT; };
		FECCACD822D7617800D617CB /* PostContainerView.swift */ = {isa = PBXFileReference; lastKnownFileType = sourcecode.swift; name = PostContainerView.swift; path = GoGig/PostContainerView.swift; sourceTree = SOURCE_ROOT; };
		FECCACDA22D761A600D617CB /* LoadingCell.swift */ = {isa = PBXFileReference; lastKnownFileType = sourcecode.swift; name = LoadingCell.swift; path = GoGig/LoadingCell.swift; sourceTree = SOURCE_ROOT; };
		FECCACDC22D761D700D617CB /* TabBarController.swift */ = {isa = PBXFileReference; lastKnownFileType = sourcecode.swift; name = TabBarController.swift; path = GoGig/TabBarController.swift; sourceTree = SOURCE_ROOT; };
		FECCACDE22D7622200D617CB /* LoginViewController.swift */ = {isa = PBXFileReference; lastKnownFileType = sourcecode.swift; name = LoginViewController.swift; path = GoGig/LoginViewController.swift; sourceTree = SOURCE_ROOT; };
		FECCACE022D7625500D617CB /* CreateAccountVC.swift */ = {isa = PBXFileReference; lastKnownFileType = sourcecode.swift; name = CreateAccountVC.swift; path = GoGig/CreateAccountVC.swift; sourceTree = SOURCE_ROOT; };
		FECCACE222D7628700D617CB /* UserAccountVC.swift */ = {isa = PBXFileReference; lastKnownFileType = sourcecode.swift; name = UserAccountVC.swift; path = GoGig/UserAccountVC.swift; sourceTree = SOURCE_ROOT; };
		FECCACE422D762BE00D617CB /* PortfolioPostVC.swift */ = {isa = PBXFileReference; lastKnownFileType = sourcecode.swift; name = PortfolioPostVC.swift; path = GoGig/PortfolioPostVC.swift; sourceTree = SOURCE_ROOT; };
		FECCACE622D762F600D617CB /* CreateGigVC.swift */ = {isa = PBXFileReference; lastKnownFileType = sourcecode.swift; name = CreateGigVC.swift; path = GoGig/CreateGigVC.swift; sourceTree = SOURCE_ROOT; };
		FECCACE822D7632A00D617CB /* TitleDateCGVC.swift */ = {isa = PBXFileReference; lastKnownFileType = sourcecode.swift; name = TitleDateCGVC.swift; path = GoGig/TitleDateCGVC.swift; sourceTree = SOURCE_ROOT; };
		FECCACEA22D7635800D617CB /* LocationPriceCGVC.swift */ = {isa = PBXFileReference; lastKnownFileType = sourcecode.swift; name = LocationPriceCGVC.swift; path = GoGig/LocationPriceCGVC.swift; sourceTree = SOURCE_ROOT; };
		FECCACEC22D7638900D617CB /* InfoContactCGVC.swift */ = {isa = PBXFileReference; lastKnownFileType = sourcecode.swift; name = InfoContactCGVC.swift; path = GoGig/InfoContactCGVC.swift; sourceTree = SOURCE_ROOT; };
		FECCACEE22D763BC00D617CB /* PhotoCGVC.swift */ = {isa = PBXFileReference; lastKnownFileType = sourcecode.swift; name = PhotoCGVC.swift; path = GoGig/PhotoCGVC.swift; sourceTree = SOURCE_ROOT; };
		FECCACF022D763E900D617CB /* FindGigVC.swift */ = {isa = PBXFileReference; lastKnownFileType = sourcecode.swift; name = FindGigVC.swift; path = GoGig/FindGigVC.swift; sourceTree = SOURCE_ROOT; };
		FED01F1122F1CB9400E7CB4F /* ReviewApplicationVC.swift */ = {isa = PBXFileReference; lastKnownFileType = sourcecode.swift; path = ReviewApplicationVC.swift; sourceTree = "<group>"; };
		FEFEB6A422E086C00094CFC9 /* StringExtensions.swift */ = {isa = PBXFileReference; lastKnownFileType = sourcecode.swift; name = StringExtensions.swift; path = GoGig/StringExtensions.swift; sourceTree = SOURCE_ROOT; };
/* End PBXFileReference section */

/* Begin PBXFrameworksBuildPhase section */
		FE701BED22D7364300FC06CE /* Frameworks */ = {
			isa = PBXFrameworksBuildPhase;
			buildActionMask = 2147483647;
			files = (
				A02A9B66AE00541F0237AA90 /* Pods_GoGig.framework in Frameworks */,
			);
			runOnlyForDeploymentPostprocessing = 0;
		};
/* End PBXFrameworksBuildPhase section */

/* Begin PBXGroup section */
		681263983B86FC112D55731E /* Frameworks */ = {
			isa = PBXGroup;
			children = (
				DB71A3075EBA9C6F3D6CB118 /* Pods_GoGig.framework */,
			);
			name = Frameworks;
			sourceTree = "<group>";
		};
		F41545EFBDE91500B22C94DD /* Pods */ = {
			isa = PBXGroup;
			children = (
				794909069523DA50B9948C74 /* Pods-GoGig.debug.xcconfig */,
				247BD3913CFF680B937268F8 /* Pods-GoGig.release.xcconfig */,
			);
			path = Pods;
			sourceTree = "<group>";
		};
		FE639D7722D73B9700DCE58B /* Utilities  */ = {
			isa = PBXGroup;
			children = (
				FE72535523D6145C00379553 /* Constants.swift */,
			);
			path = "Utilities ";
			sourceTree = "<group>";
		};
		FE639D7822D73BB900DCE58B /* Extensions */ = {
			isa = PBXGroup;
			children = (
				FE72535723D614A000379553 /* ApplicationExtensions.swift */,
				FE16DBD522DDE2E70005E3AE /* UserAccountUI.swift */,
				FECCACC022D75E6300D617CB /* Extensions.swift */,
				FEFEB6A422E086C00094CFC9 /* StringExtensions.swift */,
				FECCACC222D75EB800D617CB /* UserAccountTableView.swift */,
				FE0141DC22E749370012343A /* ActivityFeedCollectionView.swift */,
			);
			path = Extensions;
			sourceTree = "<group>";
		};
		FE639D7922D73BCA00DCE58B /* Services */ = {
			isa = PBXGroup;
			children = (
				FECCACC422D75F0000D617CB /* AuthService.swift */,
				FECCACC622D75F5300D617CB /* DataService.swift */,
			);
			path = Services;
			sourceTree = "<group>";
		};
		FE639D7A22D73BE600DCE58B /* Controller */ = {
			isa = PBXGroup;
			children = (
				FECCACDE22D7622200D617CB /* LoginViewController.swift */,
				FECCACE022D7625500D617CB /* CreateAccountVC.swift */,
				FE8C069E2318337E00922FF2 /* LoginSignupVC.swift */,
				FE8C069623181FB900922FF2 /* CreateProfileCAVC.swift */,
				FE98764823D5CD6800BE5E37 /* SocialLinksCAVC.swift */,
				FE8C069C23182E5500922FF2 /* MusicLinksCAVC.swift */,
				FECCACE222D7628700D617CB /* UserAccountVC.swift */,
				FECCACE422D762BE00D617CB /* PortfolioPostVC.swift */,
				FECCACE622D762F600D617CB /* CreateGigVC.swift */,
				FECCACE822D7632A00D617CB /* TitleDateCGVC.swift */,
				FECCACEA22D7635800D617CB /* LocationPriceCGVC.swift */,
				FECCACEC22D7638900D617CB /* InfoContactCGVC.swift */,
				FECCACEE22D763BC00D617CB /* PhotoCGVC.swift */,
				FECCACF022D763E900D617CB /* FindGigVC.swift */,
				FE4AF5A922F319C300D8ED7A /* EventDescriptionVC.swift */,
				FE339C6922E625D200645419 /* ActivityFeedVC.swift */,
				FED01F1122F1CB9400E7CB4F /* ReviewApplicationVC.swift */,
			);
			path = Controller;
			sourceTree = "<group>";
		};
		FE639D7B22D73BEE00DCE58B /* View */ = {
			isa = PBXGroup;
			children = (
				FECCACDC22D761D700D617CB /* TabBarController.swift */,
				FECCACCE22D7605E00D617CB /* AccountHeaderCell.swift */,
				FECCACD022D7609100D617CB /* AccountPostCell.swift */,
				FECCACD222D760CD00D617CB /* AutoComplete.swift */,
				FECCACD422D760FF00D617CB /* LoginField.swift */,
				FECCACD622D7614500D617CB /* MyTextView.swift */,
				FE16DBD722DDE6C00005E3AE /* MyTextField.swift */,
				FECCACD822D7617800D617CB /* PostContainerView.swift */,
				FE72535923D614BC00379553 /* GigEventView.swift */,
				FECCACDA22D761A600D617CB /* LoadingCell.swift */,
				FEC8C6BD22EA40240068C43D /* ActivityCollectionViewCell.swift */,
				FE0141DE22E74A3A0012343A /* ActivityMenuBar.swift */,
				FE339C6B22E626A400645419 /* ActivityFeedCell.swift */,
				FE4978202344AF4A00F1711F /* SpinnerViewController.swift */,
			);
			path = View;
			sourceTree = "<group>";
		};
		FE639D7C22D73BF600DCE58B /* Model */ = {
			isa = PBXGroup;
			children = (
				FECCACC822D75FA000D617CB /* GigEvent.swift */,
				FECCACCA22D75FEC00D617CB /* PortfolioPost.swift */,
				FECCACCC22D7601700D617CB /* User.swift */,
				FE2B049822EB4EE5001210FD /* ActivityNotification.swift */,
			);
			path = Model;
			sourceTree = "<group>";
		};
		FE701BE722D7364300FC06CE = {
			isa = PBXGroup;
			children = (
				FE701BF222D7364300FC06CE /* GoGig */,
				FE701BF122D7364300FC06CE /* Products */,
				F41545EFBDE91500B22C94DD /* Pods */,
				681263983B86FC112D55731E /* Frameworks */,
			);
			sourceTree = "<group>";
		};
		FE701BF122D7364300FC06CE /* Products */ = {
			isa = PBXGroup;
			children = (
				FE701BF022D7364300FC06CE /* GoGig.app */,
			);
			name = Products;
			sourceTree = "<group>";
		};
		FE701BF222D7364300FC06CE /* GoGig */ = {
			isa = PBXGroup;
			children = (
				FE1A544A2310416A00B95AE1 /* GoGig.entitlements */,
				FE701BF722D7364300FC06CE /* Main.storyboard */,
				FE701BF322D7364300FC06CE /* AppDelegate.swift */,
				FE639D7722D73B9700DCE58B /* Utilities  */,
				FE639D7822D73BB900DCE58B /* Extensions */,
				FE639D7922D73BCA00DCE58B /* Services */,
				FE639D7C22D73BF600DCE58B /* Model */,
				FE639D7B22D73BEE00DCE58B /* View */,
				FE639D7A22D73BE600DCE58B /* Controller */,
				FE701BFA22D7364600FC06CE /* Assets.xcassets */,
				FE701BFC22D7364600FC06CE /* LaunchScreen.storyboard */,
				FE639DB922D744C600DCE58B /* Info.plist */,
				FE8FFD6323DA485300255975 /* GoogleService-Info.plist */,
			);
			path = GoGig;
			sourceTree = "<group>";
		};
/* End PBXGroup section */

/* Begin PBXNativeTarget section */
		FE701BEF22D7364300FC06CE /* GoGig */ = {
			isa = PBXNativeTarget;
			buildConfigurationList = FE701C0222D7364600FC06CE /* Build configuration list for PBXNativeTarget "GoGig" */;
			buildPhases = (
				7704694041177D160C6857FB /* [CP] Check Pods Manifest.lock */,
				FE701BEC22D7364300FC06CE /* Sources */,
				FE701BED22D7364300FC06CE /* Frameworks */,
				FE701BEE22D7364300FC06CE /* Resources */,
				8518045ACB7C19072C652367 /* [CP] Embed Pods Frameworks */,
				FE666AB95857CDBFE934B4C5 /* [CP] Copy Pods Resources */,
			);
			buildRules = (
			);
			dependencies = (
			);
			name = GoGig;
			productName = GoGig;
			productReference = FE701BF022D7364300FC06CE /* GoGig.app */;
			productType = "com.apple.product-type.application";
		};
/* End PBXNativeTarget section */

/* Begin PBXProject section */
		FE701BE822D7364300FC06CE /* Project object */ = {
			isa = PBXProject;
			attributes = {
				LastSwiftUpdateCheck = 1020;
				LastUpgradeCheck = 1020;
				ORGANIZATIONNAME = ChillyDesigns;
				TargetAttributes = {
					FE701BEF22D7364300FC06CE = {
						CreatedOnToolsVersion = 10.2.1;
						SystemCapabilities = {
							com.apple.BackgroundModes = {
								enabled = 1;
							};
							com.apple.Push = {
								enabled = 1;
							};
						};
					};
				};
			};
			buildConfigurationList = FE701BEB22D7364300FC06CE /* Build configuration list for PBXProject "GoGig" */;
			compatibilityVersion = "Xcode 9.3";
			developmentRegion = en;
			hasScannedForEncodings = 0;
			knownRegions = (
				en,
				Base,
			);
			mainGroup = FE701BE722D7364300FC06CE;
			productRefGroup = FE701BF122D7364300FC06CE /* Products */;
			projectDirPath = "";
			projectRoot = "";
			targets = (
				FE701BEF22D7364300FC06CE /* GoGig */,
			);
		};
/* End PBXProject section */

/* Begin PBXResourcesBuildPhase section */
		FE701BEE22D7364300FC06CE /* Resources */ = {
			isa = PBXResourcesBuildPhase;
			buildActionMask = 2147483647;
			files = (
				FE701BFE22D7364600FC06CE /* LaunchScreen.storyboard in Resources */,
				FE701BFB22D7364600FC06CE /* Assets.xcassets in Resources */,
				FE701BF922D7364300FC06CE /* Main.storyboard in Resources */,
				FE8FFD6423DA485300255975 /* GoogleService-Info.plist in Resources */,
			);
			runOnlyForDeploymentPostprocessing = 0;
		};
/* End PBXResourcesBuildPhase section */

/* Begin PBXShellScriptBuildPhase section */
		7704694041177D160C6857FB /* [CP] Check Pods Manifest.lock */ = {
			isa = PBXShellScriptBuildPhase;
			buildActionMask = 2147483647;
			files = (
			);
			inputFileListPaths = (
			);
			inputPaths = (
				"${PODS_PODFILE_DIR_PATH}/Podfile.lock",
				"${PODS_ROOT}/Manifest.lock",
			);
			name = "[CP] Check Pods Manifest.lock";
			outputFileListPaths = (
			);
			outputPaths = (
				"$(DERIVED_FILE_DIR)/Pods-GoGig-checkManifestLockResult.txt",
			);
			runOnlyForDeploymentPostprocessing = 0;
			shellPath = /bin/sh;
			shellScript = "diff \"${PODS_PODFILE_DIR_PATH}/Podfile.lock\" \"${PODS_ROOT}/Manifest.lock\" > /dev/null\nif [ $? != 0 ] ; then\n    # print error to STDERR\n    echo \"error: The sandbox is not in sync with the Podfile.lock. Run 'pod install' or update your CocoaPods installation.\" >&2\n    exit 1\nfi\n# This output is used by Xcode 'outputs' to avoid re-running this script phase.\necho \"SUCCESS\" > \"${SCRIPT_OUTPUT_FILE_0}\"\n";
			showEnvVarsInLog = 0;
		};
		8518045ACB7C19072C652367 /* [CP] Embed Pods Frameworks */ = {
			isa = PBXShellScriptBuildPhase;
			buildActionMask = 2147483647;
			files = (
			);
			inputFileListPaths = (
				"${PODS_ROOT}/Target Support Files/Pods-GoGig/Pods-GoGig-frameworks-${CONFIGURATION}-input-files.xcfilelist",
			);
			name = "[CP] Embed Pods Frameworks";
			outputFileListPaths = (
				"${PODS_ROOT}/Target Support Files/Pods-GoGig/Pods-GoGig-frameworks-${CONFIGURATION}-output-files.xcfilelist",
			);
			runOnlyForDeploymentPostprocessing = 0;
			shellPath = /bin/sh;
			shellScript = "\"${PODS_ROOT}/Target Support Files/Pods-GoGig/Pods-GoGig-frameworks.sh\"\n";
			showEnvVarsInLog = 0;
		};
		FE666AB95857CDBFE934B4C5 /* [CP] Copy Pods Resources */ = {
			isa = PBXShellScriptBuildPhase;
			buildActionMask = 2147483647;
			files = (
			);
			inputFileListPaths = (
				"${PODS_ROOT}/Target Support Files/Pods-GoGig/Pods-GoGig-resources-${CONFIGURATION}-input-files.xcfilelist",
			);
			name = "[CP] Copy Pods Resources";
			outputFileListPaths = (
				"${PODS_ROOT}/Target Support Files/Pods-GoGig/Pods-GoGig-resources-${CONFIGURATION}-output-files.xcfilelist",
			);
			runOnlyForDeploymentPostprocessing = 0;
			shellPath = /bin/sh;
			shellScript = "\"${PODS_ROOT}/Target Support Files/Pods-GoGig/Pods-GoGig-resources.sh\"\n";
			showEnvVarsInLog = 0;
		};
/* End PBXShellScriptBuildPhase section */

/* Begin PBXSourcesBuildPhase section */
		FE701BEC22D7364300FC06CE /* Sources */ = {
			isa = PBXSourcesBuildPhase;
			buildActionMask = 2147483647;
			files = (
				FECCACE722D762F600D617CB /* CreateGigVC.swift in Sources */,
				FECCACDF22D7622200D617CB /* LoginViewController.swift in Sources */,
				FE2B049922EB4EE5001210FD /* ActivityNotification.swift in Sources */,
				FE72535A23D614BC00379553 /* GigEventView.swift in Sources */,
				FECCACCB22D75FEC00D617CB /* PortfolioPost.swift in Sources */,
				FECCACD922D7617800D617CB /* PostContainerView.swift in Sources */,
				FE701BF422D7364300FC06CE /* AppDelegate.swift in Sources */,
				FE8C069723181FB900922FF2 /* CreateProfileCAVC.swift in Sources */,
				FECCACE322D7628700D617CB /* UserAccountVC.swift in Sources */,
				FECCACC922D75FA000D617CB /* GigEvent.swift in Sources */,
				FECCACF122D763E900D617CB /* FindGigVC.swift in Sources */,
				FED01F1222F1CB9400E7CB4F /* ReviewApplicationVC.swift in Sources */,
				FE16DBD622DDE2E70005E3AE /* UserAccountUI.swift in Sources */,
				FE339C6A22E625D300645419 /* ActivityFeedVC.swift in Sources */,
				FE0141DD22E749370012343A /* ActivityFeedCollectionView.swift in Sources */,
				FECCACE922D7632A00D617CB /* TitleDateCGVC.swift in Sources */,
				FECCACD122D7609100D617CB /* AccountPostCell.swift in Sources */,
				FECCACEF22D763BC00D617CB /* PhotoCGVC.swift in Sources */,
				FE339C6C22E626A400645419 /* ActivityFeedCell.swift in Sources */,
				FE8C069F2318337E00922FF2 /* LoginSignupVC.swift in Sources */,
				FE8C069D23182E5500922FF2 /* MusicLinksCAVC.swift in Sources */,
				FECCACED22D7638900D617CB /* InfoContactCGVC.swift in Sources */,
				FE72535623D6145C00379553 /* Constants.swift in Sources */,
				FECCACD322D760CD00D617CB /* AutoComplete.swift in Sources */,
				FE98764923D5CD6800BE5E37 /* SocialLinksCAVC.swift in Sources */,
				FECCACE522D762BE00D617CB /* PortfolioPostVC.swift in Sources */,
				FECCACC722D75F5300D617CB /* DataService.swift in Sources */,
				FECCACCF22D7605E00D617CB /* AccountHeaderCell.swift in Sources */,
				FE72535823D614A000379553 /* ApplicationExtensions.swift in Sources */,
				FECCACD722D7614500D617CB /* MyTextView.swift in Sources */,
				FE4AF5AA22F319C400D8ED7A /* EventDescriptionVC.swift in Sources */,
				FECCACE122D7625500D617CB /* CreateAccountVC.swift in Sources */,
				FECCACCD22D7601700D617CB /* User.swift in Sources */,
				FECCACDB22D761A600D617CB /* LoadingCell.swift in Sources */,
				FE4978212344AF4A00F1711F /* SpinnerViewController.swift in Sources */,
				FEC8C6BE22EA40240068C43D /* ActivityCollectionViewCell.swift in Sources */,
				FEFEB6A522E086C00094CFC9 /* StringExtensions.swift in Sources */,
				FECCACD522D760FF00D617CB /* LoginField.swift in Sources */,
				FECCACC322D75EB800D617CB /* UserAccountTableView.swift in Sources */,
				FECCACDD22D761D700D617CB /* TabBarController.swift in Sources */,
				FECCACEB22D7635800D617CB /* LocationPriceCGVC.swift in Sources */,
				FECCACC122D75E6300D617CB /* Extensions.swift in Sources */,
				FECCACC522D75F0000D617CB /* AuthService.swift in Sources */,
				FE0141DF22E74A3A0012343A /* ActivityMenuBar.swift in Sources */,
				FE16DBD822DDE6C00005E3AE /* MyTextField.swift in Sources */,
			);
			runOnlyForDeploymentPostprocessing = 0;
		};
/* End PBXSourcesBuildPhase section */

/* Begin PBXVariantGroup section */
		FE701BF722D7364300FC06CE /* Main.storyboard */ = {
			isa = PBXVariantGroup;
			children = (
				FE701BF822D7364300FC06CE /* Base */,
			);
			name = Main.storyboard;
			sourceTree = "<group>";
		};
		FE701BFC22D7364600FC06CE /* LaunchScreen.storyboard */ = {
			isa = PBXVariantGroup;
			children = (
				FE701BFD22D7364600FC06CE /* Base */,
			);
			name = LaunchScreen.storyboard;
			sourceTree = "<group>";
		};
/* End PBXVariantGroup section */

/* Begin XCBuildConfiguration section */
		FE701C0022D7364600FC06CE /* Debug */ = {
			isa = XCBuildConfiguration;
			buildSettings = {
				ALWAYS_SEARCH_USER_PATHS = NO;
				CLANG_ANALYZER_NONNULL = YES;
				CLANG_ANALYZER_NUMBER_OBJECT_CONVERSION = YES_AGGRESSIVE;
				CLANG_CXX_LANGUAGE_STANDARD = "gnu++14";
				CLANG_CXX_LIBRARY = "libc++";
				CLANG_ENABLE_MODULES = YES;
				CLANG_ENABLE_OBJC_ARC = YES;
				CLANG_ENABLE_OBJC_WEAK = YES;
				CLANG_WARN_BLOCK_CAPTURE_AUTORELEASING = YES;
				CLANG_WARN_BOOL_CONVERSION = YES;
				CLANG_WARN_COMMA = YES;
				CLANG_WARN_CONSTANT_CONVERSION = YES;
				CLANG_WARN_DEPRECATED_OBJC_IMPLEMENTATIONS = YES;
				CLANG_WARN_DIRECT_OBJC_ISA_USAGE = YES_ERROR;
				CLANG_WARN_DOCUMENTATION_COMMENTS = YES;
				CLANG_WARN_EMPTY_BODY = YES;
				CLANG_WARN_ENUM_CONVERSION = YES;
				CLANG_WARN_INFINITE_RECURSION = YES;
				CLANG_WARN_INT_CONVERSION = YES;
				CLANG_WARN_NON_LITERAL_NULL_CONVERSION = YES;
				CLANG_WARN_OBJC_IMPLICIT_RETAIN_SELF = YES;
				CLANG_WARN_OBJC_LITERAL_CONVERSION = YES;
				CLANG_WARN_OBJC_ROOT_CLASS = YES_ERROR;
				CLANG_WARN_RANGE_LOOP_ANALYSIS = YES;
				CLANG_WARN_STRICT_PROTOTYPES = YES;
				CLANG_WARN_SUSPICIOUS_MOVE = YES;
				CLANG_WARN_UNGUARDED_AVAILABILITY = YES_AGGRESSIVE;
				CLANG_WARN_UNREACHABLE_CODE = YES;
				CLANG_WARN__DUPLICATE_METHOD_MATCH = YES;
				CODE_SIGN_IDENTITY = "iPhone Developer";
				COPY_PHASE_STRIP = NO;
				DEBUG_INFORMATION_FORMAT = dwarf;
				ENABLE_STRICT_OBJC_MSGSEND = YES;
				ENABLE_TESTABILITY = YES;
				GCC_C_LANGUAGE_STANDARD = gnu11;
				GCC_DYNAMIC_NO_PIC = NO;
				GCC_NO_COMMON_BLOCKS = YES;
				GCC_OPTIMIZATION_LEVEL = 0;
				GCC_PREPROCESSOR_DEFINITIONS = (
					"DEBUG=1",
					"$(inherited)",
				);
				GCC_WARN_64_TO_32_BIT_CONVERSION = YES;
				GCC_WARN_ABOUT_RETURN_TYPE = YES_ERROR;
				GCC_WARN_UNDECLARED_SELECTOR = YES;
				GCC_WARN_UNINITIALIZED_AUTOS = YES_AGGRESSIVE;
				GCC_WARN_UNUSED_FUNCTION = YES;
				GCC_WARN_UNUSED_VARIABLE = YES;
				IPHONEOS_DEPLOYMENT_TARGET = 12.2;
				MTL_ENABLE_DEBUG_INFO = INCLUDE_SOURCE;
				MTL_FAST_MATH = YES;
				ONLY_ACTIVE_ARCH = YES;
				SDKROOT = iphoneos;
				SWIFT_ACTIVE_COMPILATION_CONDITIONS = DEBUG;
				SWIFT_OPTIMIZATION_LEVEL = "-Onone";
			};
			name = Debug;
		};
		FE701C0122D7364600FC06CE /* Release */ = {
			isa = XCBuildConfiguration;
			buildSettings = {
				ALWAYS_SEARCH_USER_PATHS = NO;
				CLANG_ANALYZER_NONNULL = YES;
				CLANG_ANALYZER_NUMBER_OBJECT_CONVERSION = YES_AGGRESSIVE;
				CLANG_CXX_LANGUAGE_STANDARD = "gnu++14";
				CLANG_CXX_LIBRARY = "libc++";
				CLANG_ENABLE_MODULES = YES;
				CLANG_ENABLE_OBJC_ARC = YES;
				CLANG_ENABLE_OBJC_WEAK = YES;
				CLANG_WARN_BLOCK_CAPTURE_AUTORELEASING = YES;
				CLANG_WARN_BOOL_CONVERSION = YES;
				CLANG_WARN_COMMA = YES;
				CLANG_WARN_CONSTANT_CONVERSION = YES;
				CLANG_WARN_DEPRECATED_OBJC_IMPLEMENTATIONS = YES;
				CLANG_WARN_DIRECT_OBJC_ISA_USAGE = YES_ERROR;
				CLANG_WARN_DOCUMENTATION_COMMENTS = YES;
				CLANG_WARN_EMPTY_BODY = YES;
				CLANG_WARN_ENUM_CONVERSION = YES;
				CLANG_WARN_INFINITE_RECURSION = YES;
				CLANG_WARN_INT_CONVERSION = YES;
				CLANG_WARN_NON_LITERAL_NULL_CONVERSION = YES;
				CLANG_WARN_OBJC_IMPLICIT_RETAIN_SELF = YES;
				CLANG_WARN_OBJC_LITERAL_CONVERSION = YES;
				CLANG_WARN_OBJC_ROOT_CLASS = YES_ERROR;
				CLANG_WARN_RANGE_LOOP_ANALYSIS = YES;
				CLANG_WARN_STRICT_PROTOTYPES = YES;
				CLANG_WARN_SUSPICIOUS_MOVE = YES;
				CLANG_WARN_UNGUARDED_AVAILABILITY = YES_AGGRESSIVE;
				CLANG_WARN_UNREACHABLE_CODE = YES;
				CLANG_WARN__DUPLICATE_METHOD_MATCH = YES;
				CODE_SIGN_IDENTITY = "iPhone Developer";
				COPY_PHASE_STRIP = NO;
				DEBUG_INFORMATION_FORMAT = "dwarf-with-dsym";
				ENABLE_NS_ASSERTIONS = NO;
				ENABLE_STRICT_OBJC_MSGSEND = YES;
				GCC_C_LANGUAGE_STANDARD = gnu11;
				GCC_NO_COMMON_BLOCKS = YES;
				GCC_WARN_64_TO_32_BIT_CONVERSION = YES;
				GCC_WARN_ABOUT_RETURN_TYPE = YES_ERROR;
				GCC_WARN_UNDECLARED_SELECTOR = YES;
				GCC_WARN_UNINITIALIZED_AUTOS = YES_AGGRESSIVE;
				GCC_WARN_UNUSED_FUNCTION = YES;
				GCC_WARN_UNUSED_VARIABLE = YES;
				IPHONEOS_DEPLOYMENT_TARGET = 12.2;
				MTL_ENABLE_DEBUG_INFO = NO;
				MTL_FAST_MATH = YES;
				SDKROOT = iphoneos;
				SWIFT_COMPILATION_MODE = wholemodule;
				SWIFT_OPTIMIZATION_LEVEL = "-O";
				VALIDATE_PRODUCT = YES;
			};
			name = Release;
		};
		FE701C0322D7364600FC06CE /* Debug */ = {
			isa = XCBuildConfiguration;
			baseConfigurationReference = 794909069523DA50B9948C74 /* Pods-GoGig.debug.xcconfig */;
			buildSettings = {
				ASSETCATALOG_COMPILER_APPICON_NAME = AppIcon;
				CODE_SIGN_ENTITLEMENTS = GoGig/GoGig.entitlements;
				CODE_SIGN_IDENTITY = "iPhone Distribution";
				CODE_SIGN_STYLE = Manual;
				CURRENT_PROJECT_VERSION = 3;
				DEVELOPMENT_TEAM = SCZ5X2T8PZ;
				INFOPLIST_FILE = GoGig/Info.plist;
				INFOPLIST_OTHER_PREPROCESSOR_FLAGS = GoGig/Info.plist;
				IPHONEOS_DEPLOYMENT_TARGET = 13.0;
				LD_RUNPATH_SEARCH_PATHS = (
					"$(inherited)",
					"@executable_path/Frameworks",
				);
				PRODUCT_BUNDLE_IDENTIFIER = com.ChillyDesigns.GoGig;
				PRODUCT_NAME = "$(TARGET_NAME)";
				PROVISIONING_PROFILE_SPECIFIER = GoGigTestFlight;
				SWIFT_VERSION = 5.0;
				TARGETED_DEVICE_FAMILY = "1,2";
			};
			name = Debug;
		};
		FE701C0422D7364600FC06CE /* Release */ = {
			isa = XCBuildConfiguration;
			baseConfigurationReference = 247BD3913CFF680B937268F8 /* Pods-GoGig.release.xcconfig */;
			buildSettings = {
				ASSETCATALOG_COMPILER_APPICON_NAME = AppIcon;
				CODE_SIGN_ENTITLEMENTS = GoGig/GoGig.entitlements;
				CODE_SIGN_IDENTITY = "iPhone Distribution";
				CODE_SIGN_STYLE = Manual;
				CURRENT_PROJECT_VERSION = 3;
				DEVELOPMENT_TEAM = SCZ5X2T8PZ;
				INFOPLIST_FILE = GoGig/Info.plist;
				INFOPLIST_OTHER_PREPROCESSOR_FLAGS = GoGig/Info.plist;
				IPHONEOS_DEPLOYMENT_TARGET = 13.0;
				LD_RUNPATH_SEARCH_PATHS = (
					"$(inherited)",
					"@executable_path/Frameworks",
				);
				PRODUCT_BUNDLE_IDENTIFIER = com.ChillyDesigns.GoGig;
				PRODUCT_NAME = "$(TARGET_NAME)";
				PROVISIONING_PROFILE_SPECIFIER = GoGigTestFlight;
				SWIFT_VERSION = 5.0;
				TARGETED_DEVICE_FAMILY = "1,2";
			};
			name = Release;
		};
/* End XCBuildConfiguration section */

/* Begin XCConfigurationList section */
		FE701BEB22D7364300FC06CE /* Build configuration list for PBXProject "GoGig" */ = {
			isa = XCConfigurationList;
			buildConfigurations = (
				FE701C0022D7364600FC06CE /* Debug */,
				FE701C0122D7364600FC06CE /* Release */,
			);
			defaultConfigurationIsVisible = 0;
			defaultConfigurationName = Release;
		};
		FE701C0222D7364600FC06CE /* Build configuration list for PBXNativeTarget "GoGig" */ = {
			isa = XCConfigurationList;
			buildConfigurations = (
				FE701C0322D7364600FC06CE /* Debug */,
				FE701C0422D7364600FC06CE /* Release */,
			);
			defaultConfigurationIsVisible = 0;
			defaultConfigurationName = Release;
		};
/* End XCConfigurationList section */
	};
	rootObject = FE701BE822D7364300FC06CE /* Project object */;
}
