// !$*UTF8*$!
{
	archiveVersion = 1;
	classes = {
	};
	objectVersion = 51;
	objects = {

/* Begin PBXBuildFile section */
		A02A9B66AE00541F0237AA90 /* Pods_GoGig.framework in Frameworks */ = {isa = PBXBuildFile; fileRef = DB71A3075EBA9C6F3D6CB118 /* Pods_GoGig.framework */; };
		FE46A31522D75D0C008294E1 /* Constants.swift in Sources */ = {isa = PBXBuildFile; fileRef = FE46A31422D75D0C008294E1 /* Constants.swift */; };
		FE639DB222D73E1A00DCE58B /* GoogleService-Info.plist in Resources */ = {isa = PBXBuildFile; fileRef = FE639DB122D73E1A00DCE58B /* GoogleService-Info.plist */; };
		FE639DC522D74A5600DCE58B /* FindGigVC.swift in Sources */ = {isa = PBXBuildFile; fileRef = FE639DBB22D74A5400DCE58B /* FindGigVC.swift */; };
		FE639DC622D74A5600DCE58B /* TitleDateCGVC.swift in Sources */ = {isa = PBXBuildFile; fileRef = FE639DBC22D74A5400DCE58B /* TitleDateCGVC.swift */; };
		FE639DC722D74A5600DCE58B /* LocationPriceCGVC.swift in Sources */ = {isa = PBXBuildFile; fileRef = FE639DBD22D74A5400DCE58B /* LocationPriceCGVC.swift */; };
		FE639DC822D74A5600DCE58B /* PhotoCGVC.swift in Sources */ = {isa = PBXBuildFile; fileRef = FE639DBE22D74A5500DCE58B /* PhotoCGVC.swift */; };
		FE639DC922D74A5600DCE58B /* PortfolioPostVC.swift in Sources */ = {isa = PBXBuildFile; fileRef = FE639DBF22D74A5500DCE58B /* PortfolioPostVC.swift */; };
		FE639DCA22D74A5600DCE58B /* LoginViewController.swift in Sources */ = {isa = PBXBuildFile; fileRef = FE639DC022D74A5500DCE58B /* LoginViewController.swift */; };
		FE639DCB22D74A5600DCE58B /* UserAccountVC.swift in Sources */ = {isa = PBXBuildFile; fileRef = FE639DC122D74A5500DCE58B /* UserAccountVC.swift */; };
		FE639DCC22D74A5600DCE58B /* CreateGigVC.swift in Sources */ = {isa = PBXBuildFile; fileRef = FE639DC222D74A5500DCE58B /* CreateGigVC.swift */; };
		FE639DCD22D74A5600DCE58B /* CreateAccountVC.swift in Sources */ = {isa = PBXBuildFile; fileRef = FE639DC322D74A5500DCE58B /* CreateAccountVC.swift */; };
		FE639DCE22D74A5600DCE58B /* InfoContactCGVC.swift in Sources */ = {isa = PBXBuildFile; fileRef = FE639DC422D74A5500DCE58B /* InfoContactCGVC.swift */; };
		FE639DD722D74B2200DCE58B /* MyTextView.swift in Sources */ = {isa = PBXBuildFile; fileRef = FE639DCF22D74B2100DCE58B /* MyTextView.swift */; };
		FE639DD822D74B2200DCE58B /* LoginField.swift in Sources */ = {isa = PBXBuildFile; fileRef = FE639DD022D74B2100DCE58B /* LoginField.swift */; };
		FE639DD922D74B2200DCE58B /* AccountHeaderCell.swift in Sources */ = {isa = PBXBuildFile; fileRef = FE639DD122D74B2200DCE58B /* AccountHeaderCell.swift */; };
		FE639DDA22D74B2200DCE58B /* AccountPostCell.swift in Sources */ = {isa = PBXBuildFile; fileRef = FE639DD222D74B2200DCE58B /* AccountPostCell.swift */; };
		FE639DDB22D74B2200DCE58B /* PostContainerView.swift in Sources */ = {isa = PBXBuildFile; fileRef = FE639DD322D74B2200DCE58B /* PostContainerView.swift */; };
		FE639DDC22D74B2200DCE58B /* AutoComplete.swift in Sources */ = {isa = PBXBuildFile; fileRef = FE639DD422D74B2200DCE58B /* AutoComplete.swift */; };
		FE639DDD22D74B2200DCE58B /* RefreshSpinner.swift in Sources */ = {isa = PBXBuildFile; fileRef = FE639DD522D74B2200DCE58B /* RefreshSpinner.swift */; };
		FE639DDE22D74B2200DCE58B /* TabBarController.swift in Sources */ = {isa = PBXBuildFile; fileRef = FE639DD622D74B2200DCE58B /* TabBarController.swift */; };
		FE639DE222D74B3900DCE58B /* GigEvent.swift in Sources */ = {isa = PBXBuildFile; fileRef = FE639DDF22D74B3800DCE58B /* GigEvent.swift */; };
		FE639DE322D74B3900DCE58B /* PortfolioPost.swift in Sources */ = {isa = PBXBuildFile; fileRef = FE639DE022D74B3900DCE58B /* PortfolioPost.swift */; };
		FE639DE422D74B3900DCE58B /* User.swift in Sources */ = {isa = PBXBuildFile; fileRef = FE639DE122D74B3900DCE58B /* User.swift */; };
		FE639DE722D74B4F00DCE58B /* AuthService.swift in Sources */ = {isa = PBXBuildFile; fileRef = FE639DE522D74B4F00DCE58B /* AuthService.swift */; };
		FE639DE822D74B4F00DCE58B /* DataService.swift in Sources */ = {isa = PBXBuildFile; fileRef = FE639DE622D74B4F00DCE58B /* DataService.swift */; };
		FE639DEB22D74B5E00DCE58B /* Extensions.swift in Sources */ = {isa = PBXBuildFile; fileRef = FE639DE922D74B5E00DCE58B /* Extensions.swift */; };
		FE639DEC22D74B5E00DCE58B /* UserAccountTableView.swift in Sources */ = {isa = PBXBuildFile; fileRef = FE639DEA22D74B5E00DCE58B /* UserAccountTableView.swift */; };
		FE701BF422D7364300FC06CE /* AppDelegate.swift in Sources */ = {isa = PBXBuildFile; fileRef = FE701BF322D7364300FC06CE /* AppDelegate.swift */; };
		FE701BF922D7364300FC06CE /* Main.storyboard in Resources */ = {isa = PBXBuildFile; fileRef = FE701BF722D7364300FC06CE /* Main.storyboard */; };
		FE701BFB22D7364600FC06CE /* Assets.xcassets in Resources */ = {isa = PBXBuildFile; fileRef = FE701BFA22D7364600FC06CE /* Assets.xcassets */; };
		FE701BFE22D7364600FC06CE /* LaunchScreen.storyboard in Resources */ = {isa = PBXBuildFile; fileRef = FE701BFC22D7364600FC06CE /* LaunchScreen.storyboard */; };
		FE701C0622D737EC00FC06CE /* LogInVCUI in Resources */ = {isa = PBXBuildFile; fileRef = FE701C0522D737EC00FC06CE /* LogInVCUI */; };
		FECCACBF22D75DED00D617CB /* Constants.swift in Sources */ = {isa = PBXBuildFile; fileRef = FECCACBE22D75DED00D617CB /* Constants.swift */; };
/* End PBXBuildFile section */

/* Begin PBXFileReference section */
		247BD3913CFF680B937268F8 /* Pods-GoGig.release.xcconfig */ = {isa = PBXFileReference; includeInIndex = 1; lastKnownFileType = text.xcconfig; name = "Pods-GoGig.release.xcconfig"; path = "Target Support Files/Pods-GoGig/Pods-GoGig.release.xcconfig"; sourceTree = "<group>"; };
		794909069523DA50B9948C74 /* Pods-GoGig.debug.xcconfig */ = {isa = PBXFileReference; includeInIndex = 1; lastKnownFileType = text.xcconfig; name = "Pods-GoGig.debug.xcconfig"; path = "Target Support Files/Pods-GoGig/Pods-GoGig.debug.xcconfig"; sourceTree = "<group>"; };
		DB71A3075EBA9C6F3D6CB118 /* Pods_GoGig.framework */ = {isa = PBXFileReference; explicitFileType = wrapper.framework; includeInIndex = 0; path = Pods_GoGig.framework; sourceTree = BUILT_PRODUCTS_DIR; };
		FE46A31422D75D0C008294E1 /* Constants.swift */ = {isa = PBXFileReference; lastKnownFileType = sourcecode.swift; name = Constants.swift; path = GoGig/Sort/Constants.swift; sourceTree = SOURCE_ROOT; };
		FE639DB122D73E1A00DCE58B /* GoogleService-Info.plist */ = {isa = PBXFileReference; fileEncoding = 4; lastKnownFileType = text.plist.xml; name = "GoogleService-Info.plist"; path = "../../../../../Downloads/GoogleService-Info.plist"; sourceTree = "<group>"; };
		FE639DB922D744C600DCE58B /* Info.plist */ = {isa = PBXFileReference; fileEncoding = 4; lastKnownFileType = text.plist.xml; path = Info.plist; sourceTree = "<group>"; };
		FE639DBB22D74A5400DCE58B /* FindGigVC.swift */ = {isa = PBXFileReference; fileEncoding = 4; lastKnownFileType = sourcecode.swift; path = FindGigVC.swift; sourceTree = "<group>"; };
		FE639DBC22D74A5400DCE58B /* TitleDateCGVC.swift */ = {isa = PBXFileReference; fileEncoding = 4; lastKnownFileType = sourcecode.swift; path = TitleDateCGVC.swift; sourceTree = "<group>"; };
		FE639DBD22D74A5400DCE58B /* LocationPriceCGVC.swift */ = {isa = PBXFileReference; fileEncoding = 4; lastKnownFileType = sourcecode.swift; path = LocationPriceCGVC.swift; sourceTree = "<group>"; };
		FE639DBE22D74A5500DCE58B /* PhotoCGVC.swift */ = {isa = PBXFileReference; fileEncoding = 4; lastKnownFileType = sourcecode.swift; path = PhotoCGVC.swift; sourceTree = "<group>"; };
		FE639DBF22D74A5500DCE58B /* PortfolioPostVC.swift */ = {isa = PBXFileReference; fileEncoding = 4; lastKnownFileType = sourcecode.swift; path = PortfolioPostVC.swift; sourceTree = "<group>"; };
		FE639DC022D74A5500DCE58B /* LoginViewController.swift */ = {isa = PBXFileReference; fileEncoding = 4; lastKnownFileType = sourcecode.swift; path = LoginViewController.swift; sourceTree = "<group>"; };
		FE639DC122D74A5500DCE58B /* UserAccountVC.swift */ = {isa = PBXFileReference; fileEncoding = 4; lastKnownFileType = sourcecode.swift; path = UserAccountVC.swift; sourceTree = "<group>"; };
		FE639DC222D74A5500DCE58B /* CreateGigVC.swift */ = {isa = PBXFileReference; fileEncoding = 4; lastKnownFileType = sourcecode.swift; path = CreateGigVC.swift; sourceTree = "<group>"; };
		FE639DC322D74A5500DCE58B /* CreateAccountVC.swift */ = {isa = PBXFileReference; fileEncoding = 4; lastKnownFileType = sourcecode.swift; path = CreateAccountVC.swift; sourceTree = "<group>"; };
		FE639DC422D74A5500DCE58B /* InfoContactCGVC.swift */ = {isa = PBXFileReference; fileEncoding = 4; lastKnownFileType = sourcecode.swift; path = InfoContactCGVC.swift; sourceTree = "<group>"; };
		FE639DCF22D74B2100DCE58B /* MyTextView.swift */ = {isa = PBXFileReference; fileEncoding = 4; lastKnownFileType = sourcecode.swift; path = MyTextView.swift; sourceTree = "<group>"; };
		FE639DD022D74B2100DCE58B /* LoginField.swift */ = {isa = PBXFileReference; fileEncoding = 4; lastKnownFileType = sourcecode.swift; path = LoginField.swift; sourceTree = "<group>"; };
		FE639DD122D74B2200DCE58B /* AccountHeaderCell.swift */ = {isa = PBXFileReference; fileEncoding = 4; lastKnownFileType = sourcecode.swift; path = AccountHeaderCell.swift; sourceTree = "<group>"; };
		FE639DD222D74B2200DCE58B /* AccountPostCell.swift */ = {isa = PBXFileReference; fileEncoding = 4; lastKnownFileType = sourcecode.swift; path = AccountPostCell.swift; sourceTree = "<group>"; };
		FE639DD322D74B2200DCE58B /* PostContainerView.swift */ = {isa = PBXFileReference; fileEncoding = 4; lastKnownFileType = sourcecode.swift; path = PostContainerView.swift; sourceTree = "<group>"; };
		FE639DD422D74B2200DCE58B /* AutoComplete.swift */ = {isa = PBXFileReference; fileEncoding = 4; lastKnownFileType = sourcecode.swift; path = AutoComplete.swift; sourceTree = "<group>"; };
		FE639DD522D74B2200DCE58B /* RefreshSpinner.swift */ = {isa = PBXFileReference; fileEncoding = 4; lastKnownFileType = sourcecode.swift; path = RefreshSpinner.swift; sourceTree = "<group>"; };
		FE639DD622D74B2200DCE58B /* TabBarController.swift */ = {isa = PBXFileReference; fileEncoding = 4; lastKnownFileType = sourcecode.swift; path = TabBarController.swift; sourceTree = "<group>"; };
		FE639DDF22D74B3800DCE58B /* GigEvent.swift */ = {isa = PBXFileReference; fileEncoding = 4; lastKnownFileType = sourcecode.swift; path = GigEvent.swift; sourceTree = "<group>"; };
		FE639DE022D74B3900DCE58B /* PortfolioPost.swift */ = {isa = PBXFileReference; fileEncoding = 4; lastKnownFileType = sourcecode.swift; path = PortfolioPost.swift; sourceTree = "<group>"; };
		FE639DE122D74B3900DCE58B /* User.swift */ = {isa = PBXFileReference; fileEncoding = 4; lastKnownFileType = sourcecode.swift; path = User.swift; sourceTree = "<group>"; };
		FE639DE522D74B4F00DCE58B /* AuthService.swift */ = {isa = PBXFileReference; fileEncoding = 4; lastKnownFileType = sourcecode.swift; path = AuthService.swift; sourceTree = "<group>"; };
		FE639DE622D74B4F00DCE58B /* DataService.swift */ = {isa = PBXFileReference; fileEncoding = 4; lastKnownFileType = sourcecode.swift; path = DataService.swift; sourceTree = "<group>"; };
		FE639DE922D74B5E00DCE58B /* Extensions.swift */ = {isa = PBXFileReference; fileEncoding = 4; lastKnownFileType = sourcecode.swift; path = Extensions.swift; sourceTree = "<group>"; };
		FE639DEA22D74B5E00DCE58B /* UserAccountTableView.swift */ = {isa = PBXFileReference; fileEncoding = 4; lastKnownFileType = sourcecode.swift; path = UserAccountTableView.swift; sourceTree = "<group>"; };
		FE701BF022D7364300FC06CE /* GoGig.app */ = {isa = PBXFileReference; explicitFileType = wrapper.application; includeInIndex = 0; path = GoGig.app; sourceTree = BUILT_PRODUCTS_DIR; };
		FE701BF322D7364300FC06CE /* AppDelegate.swift */ = {isa = PBXFileReference; lastKnownFileType = sourcecode.swift; path = AppDelegate.swift; sourceTree = "<group>"; };
		FE701BF822D7364300FC06CE /* Base */ = {isa = PBXFileReference; lastKnownFileType = file.storyboard; name = Base; path = Base.lproj/Main.storyboard; sourceTree = "<group>"; };
		FE701BFA22D7364600FC06CE /* Assets.xcassets */ = {isa = PBXFileReference; lastKnownFileType = folder.assetcatalog; path = Assets.xcassets; sourceTree = "<group>"; };
		FE701BFD22D7364600FC06CE /* Base */ = {isa = PBXFileReference; lastKnownFileType = file.storyboard; name = Base; path = Base.lproj/LaunchScreen.storyboard; sourceTree = "<group>"; };
		FE701C0522D737EC00FC06CE /* LogInVCUI */ = {isa = PBXFileReference; lastKnownFileType = folder; name = LogInVCUI; path = "../../../../Documents/Swift Applications/GoGig6/LogInVCUI"; sourceTree = "<group>"; };
		FECCACBE22D75DED00D617CB /* Constants.swift */ = {isa = PBXFileReference; lastKnownFileType = sourcecode.swift; name = Constants.swift; path = "/Users/leechilvers/Documents/Coursework/Suffolk One/GoGig/GoGig/Constants.swift"; sourceTree = "<absolute>"; };
/* End PBXFileReference section */

/* Begin PBXFrameworksBuildPhase section */
		FE701BED22D7364300FC06CE /* Frameworks */ = {
			isa = PBXFrameworksBuildPhase;
			buildActionMask = 2147483647;
			files = (
				A02A9B66AE00541F0237AA90 /* Pods_GoGig.framework in Frameworks */,
			);
			runOnlyForDeploymentPostprocessing = 0;
		};
/* End PBXFrameworksBuildPhase section */

/* Begin PBXGroup section */
		681263983B86FC112D55731E /* Frameworks */ = {
			isa = PBXGroup;
			children = (
				DB71A3075EBA9C6F3D6CB118 /* Pods_GoGig.framework */,
			);
			name = Frameworks;
			sourceTree = "<group>";
		};
		F41545EFBDE91500B22C94DD /* Pods */ = {
			isa = PBXGroup;
			children = (
				794909069523DA50B9948C74 /* Pods-GoGig.debug.xcconfig */,
				247BD3913CFF680B937268F8 /* Pods-GoGig.release.xcconfig */,
			);
			path = Pods;
			sourceTree = "<group>";
		};
		FE639D7722D73B9700DCE58B /* Utilities  */ = {
			isa = PBXGroup;
			children = (
				FE46A31422D75D0C008294E1 /* Constants.swift */,
			);
			path = "Utilities ";
			sourceTree = "<group>";
		};
		FE639D7822D73BB900DCE58B /* Extensions */ = {
			isa = PBXGroup;
			children = (
				FE639DE922D74B5E00DCE58B /* Extensions.swift */,
				FE639DEA22D74B5E00DCE58B /* UserAccountTableView.swift */,
			);
			path = Extensions;
			sourceTree = "<group>";
		};
		FE639D7922D73BCA00DCE58B /* Services */ = {
			isa = PBXGroup;
			children = (
				FE639DE522D74B4F00DCE58B /* AuthService.swift */,
				FE639DE622D74B4F00DCE58B /* DataService.swift */,
			);
			path = Services;
			sourceTree = "<group>";
		};
		FE639D7A22D73BE600DCE58B /* Controller */ = {
			isa = PBXGroup;
			children = (
				FE639DC022D74A5500DCE58B /* LoginViewController.swift */,
				FE639DC322D74A5500DCE58B /* CreateAccountVC.swift */,
				FE639DC122D74A5500DCE58B /* UserAccountVC.swift */,
				FE639DBF22D74A5500DCE58B /* PortfolioPostVC.swift */,
				FE639DC222D74A5500DCE58B /* CreateGigVC.swift */,
				FE639DBC22D74A5400DCE58B /* TitleDateCGVC.swift */,
				FE639DBD22D74A5400DCE58B /* LocationPriceCGVC.swift */,
				FE639DC422D74A5500DCE58B /* InfoContactCGVC.swift */,
				FE639DBE22D74A5500DCE58B /* PhotoCGVC.swift */,
				FE639DBB22D74A5400DCE58B /* FindGigVC.swift */,
			);
			path = Controller;
			sourceTree = "<group>";
		};
		FE639D7B22D73BEE00DCE58B /* View */ = {
			isa = PBXGroup;
			children = (
				FE639DD122D74B2200DCE58B /* AccountHeaderCell.swift */,
				FE639DD222D74B2200DCE58B /* AccountPostCell.swift */,
				FE639DD422D74B2200DCE58B /* AutoComplete.swift */,
				FE639DD022D74B2100DCE58B /* LoginField.swift */,
				FE639DCF22D74B2100DCE58B /* MyTextView.swift */,
				FE639DD322D74B2200DCE58B /* PostContainerView.swift */,
				FE639DD522D74B2200DCE58B /* RefreshSpinner.swift */,
				FE639DD622D74B2200DCE58B /* TabBarController.swift */,
			);
			path = View;
			sourceTree = "<group>";
		};
		FE639D7C22D73BF600DCE58B /* Model */ = {
			isa = PBXGroup;
			children = (
				FE639DDF22D74B3800DCE58B /* GigEvent.swift */,
				FE639DE022D74B3900DCE58B /* PortfolioPost.swift */,
				FE639DE122D74B3900DCE58B /* User.swift */,
			);
			path = Model;
			sourceTree = "<group>";
		};
		FE701BE722D7364300FC06CE = {
			isa = PBXGroup;
			children = (
				FE701BF222D7364300FC06CE /* GoGig */,
				FE701BF122D7364300FC06CE /* Products */,
				F41545EFBDE91500B22C94DD /* Pods */,
				681263983B86FC112D55731E /* Frameworks */,
			);
			sourceTree = "<group>";
		};
		FE701BF122D7364300FC06CE /* Products */ = {
			isa = PBXGroup;
			children = (
				FE701BF022D7364300FC06CE /* GoGig.app */,
			);
			name = Products;
			sourceTree = "<group>";
		};
		FE701BF222D7364300FC06CE /* GoGig */ = {
			isa = PBXGroup;
			children = (
				FE701BF722D7364300FC06CE /* Main.storyboard */,
				FE701BF322D7364300FC06CE /* AppDelegate.swift */,
				FECCACBE22D75DED00D617CB /* Constants.swift */,
				FE639D7722D73B9700DCE58B /* Utilities  */,
				FE639D7822D73BB900DCE58B /* Extensions */,
				FE639D7922D73BCA00DCE58B /* Services */,
				FE639D7C22D73BF600DCE58B /* Model */,
				FE639D7B22D73BEE00DCE58B /* View */,
				FE639D7A22D73BE600DCE58B /* Controller */,
				FE701BFA22D7364600FC06CE /* Assets.xcassets */,
				FE701C0522D737EC00FC06CE /* LogInVCUI */,
				FE701BFC22D7364600FC06CE /* LaunchScreen.storyboard */,
				FE639DB922D744C600DCE58B /* Info.plist */,
				FE639DB122D73E1A00DCE58B /* GoogleService-Info.plist */,
			);
			path = GoGig;
			sourceTree = "<group>";
		};
/* End PBXGroup section */

/* Begin PBXNativeTarget section */
		FE701BEF22D7364300FC06CE /* GoGig */ = {
			isa = PBXNativeTarget;
			buildConfigurationList = FE701C0222D7364600FC06CE /* Build configuration list for PBXNativeTarget "GoGig" */;
			buildPhases = (
				7704694041177D160C6857FB /* [CP] Check Pods Manifest.lock */,
				FE701BEC22D7364300FC06CE /* Sources */,
				FE701BED22D7364300FC06CE /* Frameworks */,
				FE701BEE22D7364300FC06CE /* Resources */,
				8518045ACB7C19072C652367 /* [CP] Embed Pods Frameworks */,
				FE666AB95857CDBFE934B4C5 /* [CP] Copy Pods Resources */,
			);
			buildRules = (
			);
			dependencies = (
			);
			name = GoGig;
			productName = GoGig;
			productReference = FE701BF022D7364300FC06CE /* GoGig.app */;
			productType = "com.apple.product-type.application";
		};
/* End PBXNativeTarget section */

/* Begin PBXProject section */
		FE701BE822D7364300FC06CE /* Project object */ = {
			isa = PBXProject;
			attributes = {
				LastSwiftUpdateCheck = 1020;
				LastUpgradeCheck = 1020;
				ORGANIZATIONNAME = ChillyDesigns;
				TargetAttributes = {
					FE701BEF22D7364300FC06CE = {
						CreatedOnToolsVersion = 10.2.1;
					};
				};
			};
			buildConfigurationList = FE701BEB22D7364300FC06CE /* Build configuration list for PBXProject "GoGig" */;
			compatibilityVersion = "Xcode 9.3";
			developmentRegion = en;
			hasScannedForEncodings = 0;
			knownRegions = (
				en,
				Base,
			);
			mainGroup = FE701BE722D7364300FC06CE;
			productRefGroup = FE701BF122D7364300FC06CE /* Products */;
			projectDirPath = "";
			projectRoot = "";
			targets = (
				FE701BEF22D7364300FC06CE /* GoGig */,
			);
		};
/* End PBXProject section */

/* Begin PBXResourcesBuildPhase section */
		FE701BEE22D7364300FC06CE /* Resources */ = {
			isa = PBXResourcesBuildPhase;
			buildActionMask = 2147483647;
			files = (
				FE701BFE22D7364600FC06CE /* LaunchScreen.storyboard in Resources */,
				FE701C0622D737EC00FC06CE /* LogInVCUI in Resources */,
				FE639DB222D73E1A00DCE58B /* GoogleService-Info.plist in Resources */,
				FE701BFB22D7364600FC06CE /* Assets.xcassets in Resources */,
				FE701BF922D7364300FC06CE /* Main.storyboard in Resources */,
			);
			runOnlyForDeploymentPostprocessing = 0;
		};
/* End PBXResourcesBuildPhase section */

/* Begin PBXShellScriptBuildPhase section */
		7704694041177D160C6857FB /* [CP] Check Pods Manifest.lock */ = {
			isa = PBXShellScriptBuildPhase;
			buildActionMask = 2147483647;
			files = (
			);
			inputFileListPaths = (
			);
			inputPaths = (
				"${PODS_PODFILE_DIR_PATH}/Podfile.lock",
				"${PODS_ROOT}/Manifest.lock",
			);
			name = "[CP] Check Pods Manifest.lock";
			outputFileListPaths = (
			);
			outputPaths = (
				"$(DERIVED_FILE_DIR)/Pods-GoGig-checkManifestLockResult.txt",
			);
			runOnlyForDeploymentPostprocessing = 0;
			shellPath = /bin/sh;
			shellScript = "diff \"${PODS_PODFILE_DIR_PATH}/Podfile.lock\" \"${PODS_ROOT}/Manifest.lock\" > /dev/null\nif [ $? != 0 ] ; then\n    # print error to STDERR\n    echo \"error: The sandbox is not in sync with the Podfile.lock. Run 'pod install' or update your CocoaPods installation.\" >&2\n    exit 1\nfi\n# This output is used by Xcode 'outputs' to avoid re-running this script phase.\necho \"SUCCESS\" > \"${SCRIPT_OUTPUT_FILE_0}\"\n";
			showEnvVarsInLog = 0;
		};
		8518045ACB7C19072C652367 /* [CP] Embed Pods Frameworks */ = {
			isa = PBXShellScriptBuildPhase;
			buildActionMask = 2147483647;
			files = (
			);
			inputFileListPaths = (
				"${PODS_ROOT}/Target Support Files/Pods-GoGig/Pods-GoGig-frameworks-${CONFIGURATION}-input-files.xcfilelist",
			);
			name = "[CP] Embed Pods Frameworks";
			outputFileListPaths = (
				"${PODS_ROOT}/Target Support Files/Pods-GoGig/Pods-GoGig-frameworks-${CONFIGURATION}-output-files.xcfilelist",
			);
			runOnlyForDeploymentPostprocessing = 0;
			shellPath = /bin/sh;
			shellScript = "\"${PODS_ROOT}/Target Support Files/Pods-GoGig/Pods-GoGig-frameworks.sh\"\n";
			showEnvVarsInLog = 0;
		};
		FE666AB95857CDBFE934B4C5 /* [CP] Copy Pods Resources */ = {
			isa = PBXShellScriptBuildPhase;
			buildActionMask = 2147483647;
			files = (
			);
			inputFileListPaths = (
				"${PODS_ROOT}/Target Support Files/Pods-GoGig/Pods-GoGig-resources-${CONFIGURATION}-input-files.xcfilelist",
			);
			name = "[CP] Copy Pods Resources";
			outputFileListPaths = (
				"${PODS_ROOT}/Target Support Files/Pods-GoGig/Pods-GoGig-resources-${CONFIGURATION}-output-files.xcfilelist",
			);
			runOnlyForDeploymentPostprocessing = 0;
			shellPath = /bin/sh;
			shellScript = "\"${PODS_ROOT}/Target Support Files/Pods-GoGig/Pods-GoGig-resources.sh\"\n";
			showEnvVarsInLog = 0;
		};
/* End PBXShellScriptBuildPhase section */

/* Begin PBXSourcesBuildPhase section */
		FE701BEC22D7364300FC06CE /* Sources */ = {
			isa = PBXSourcesBuildPhase;
			buildActionMask = 2147483647;
			files = (
				FE639DDA22D74B2200DCE58B /* AccountPostCell.swift in Sources */,
				FE639DC622D74A5600DCE58B /* TitleDateCGVC.swift in Sources */,
				FE639DE322D74B3900DCE58B /* PortfolioPost.swift in Sources */,
				FE639DCA22D74A5600DCE58B /* LoginViewController.swift in Sources */,
				FE639DDE22D74B2200DCE58B /* TabBarController.swift in Sources */,
				FE639DE422D74B3900DCE58B /* User.swift in Sources */,
				FE639DDD22D74B2200DCE58B /* RefreshSpinner.swift in Sources */,
				FE639DC822D74A5600DCE58B /* PhotoCGVC.swift in Sources */,
				FE639DC922D74A5600DCE58B /* PortfolioPostVC.swift in Sources */,
				FE639DE822D74B4F00DCE58B /* DataService.swift in Sources */,
				FE701BF422D7364300FC06CE /* AppDelegate.swift in Sources */,
				FECCACBF22D75DED00D617CB /* Constants.swift in Sources */,
				FE46A31522D75D0C008294E1 /* Constants.swift in Sources */,
				FE639DCE22D74A5600DCE58B /* InfoContactCGVC.swift in Sources */,
				FE639DCB22D74A5600DCE58B /* UserAccountVC.swift in Sources */,
				FE639DDC22D74B2200DCE58B /* AutoComplete.swift in Sources */,
				FE639DD722D74B2200DCE58B /* MyTextView.swift in Sources */,
				FE639DEC22D74B5E00DCE58B /* UserAccountTableView.swift in Sources */,
				FE639DD922D74B2200DCE58B /* AccountHeaderCell.swift in Sources */,
				FE639DCD22D74A5600DCE58B /* CreateAccountVC.swift in Sources */,
				FE639DC522D74A5600DCE58B /* FindGigVC.swift in Sources */,
				FE639DC722D74A5600DCE58B /* LocationPriceCGVC.swift in Sources */,
				FE639DE722D74B4F00DCE58B /* AuthService.swift in Sources */,
				FE639DE222D74B3900DCE58B /* GigEvent.swift in Sources */,
				FE639DEB22D74B5E00DCE58B /* Extensions.swift in Sources */,
				FE639DCC22D74A5600DCE58B /* CreateGigVC.swift in Sources */,
				FE639DDB22D74B2200DCE58B /* PostContainerView.swift in Sources */,
				FE639DD822D74B2200DCE58B /* LoginField.swift in Sources */,
			);
			runOnlyForDeploymentPostprocessing = 0;
		};
/* End PBXSourcesBuildPhase section */

/* Begin PBXVariantGroup section */
		FE701BF722D7364300FC06CE /* Main.storyboard */ = {
			isa = PBXVariantGroup;
			children = (
				FE701BF822D7364300FC06CE /* Base */,
			);
			name = Main.storyboard;
			sourceTree = "<group>";
		};
		FE701BFC22D7364600FC06CE /* LaunchScreen.storyboard */ = {
			isa = PBXVariantGroup;
			children = (
				FE701BFD22D7364600FC06CE /* Base */,
			);
			name = LaunchScreen.storyboard;
			sourceTree = "<group>";
		};
/* End PBXVariantGroup section */

/* Begin XCBuildConfiguration section */
		FE701C0022D7364600FC06CE /* Debug */ = {
			isa = XCBuildConfiguration;
			buildSettings = {
				ALWAYS_SEARCH_USER_PATHS = NO;
				CLANG_ANALYZER_NONNULL = YES;
				CLANG_ANALYZER_NUMBER_OBJECT_CONVERSION = YES_AGGRESSIVE;
				CLANG_CXX_LANGUAGE_STANDARD = "gnu++14";
				CLANG_CXX_LIBRARY = "libc++";
				CLANG_ENABLE_MODULES = YES;
				CLANG_ENABLE_OBJC_ARC = YES;
				CLANG_ENABLE_OBJC_WEAK = YES;
				CLANG_WARN_BLOCK_CAPTURE_AUTORELEASING = YES;
				CLANG_WARN_BOOL_CONVERSION = YES;
				CLANG_WARN_COMMA = YES;
				CLANG_WARN_CONSTANT_CONVERSION = YES;
				CLANG_WARN_DEPRECATED_OBJC_IMPLEMENTATIONS = YES;
				CLANG_WARN_DIRECT_OBJC_ISA_USAGE = YES_ERROR;
				CLANG_WARN_DOCUMENTATION_COMMENTS = YES;
				CLANG_WARN_EMPTY_BODY = YES;
				CLANG_WARN_ENUM_CONVERSION = YES;
				CLANG_WARN_INFINITE_RECURSION = YES;
				CLANG_WARN_INT_CONVERSION = YES;
				CLANG_WARN_NON_LITERAL_NULL_CONVERSION = YES;
				CLANG_WARN_OBJC_IMPLICIT_RETAIN_SELF = YES;
				CLANG_WARN_OBJC_LITERAL_CONVERSION = YES;
				CLANG_WARN_OBJC_ROOT_CLASS = YES_ERROR;
				CLANG_WARN_RANGE_LOOP_ANALYSIS = YES;
				CLANG_WARN_STRICT_PROTOTYPES = YES;
				CLANG_WARN_SUSPICIOUS_MOVE = YES;
				CLANG_WARN_UNGUARDED_AVAILABILITY = YES_AGGRESSIVE;
				CLANG_WARN_UNREACHABLE_CODE = YES;
				CLANG_WARN__DUPLICATE_METHOD_MATCH = YES;
				CODE_SIGN_IDENTITY = "iPhone Developer";
				COPY_PHASE_STRIP = NO;
				DEBUG_INFORMATION_FORMAT = dwarf;
				ENABLE_STRICT_OBJC_MSGSEND = YES;
				ENABLE_TESTABILITY = YES;
				GCC_C_LANGUAGE_STANDARD = gnu11;
				GCC_DYNAMIC_NO_PIC = NO;
				GCC_NO_COMMON_BLOCKS = YES;
				GCC_OPTIMIZATION_LEVEL = 0;
				GCC_PREPROCESSOR_DEFINITIONS = (
					"DEBUG=1",
					"$(inherited)",
				);
				GCC_WARN_64_TO_32_BIT_CONVERSION = YES;
				GCC_WARN_ABOUT_RETURN_TYPE = YES_ERROR;
				GCC_WARN_UNDECLARED_SELECTOR = YES;
				GCC_WARN_UNINITIALIZED_AUTOS = YES_AGGRESSIVE;
				GCC_WARN_UNUSED_FUNCTION = YES;
				GCC_WARN_UNUSED_VARIABLE = YES;
				IPHONEOS_DEPLOYMENT_TARGET = 12.2;
				MTL_ENABLE_DEBUG_INFO = INCLUDE_SOURCE;
				MTL_FAST_MATH = YES;
				ONLY_ACTIVE_ARCH = YES;
				SDKROOT = iphoneos;
				SWIFT_ACTIVE_COMPILATION_CONDITIONS = DEBUG;
				SWIFT_OPTIMIZATION_LEVEL = "-Onone";
			};
			name = Debug;
		};
		FE701C0122D7364600FC06CE /* Release */ = {
			isa = XCBuildConfiguration;
			buildSettings = {
				ALWAYS_SEARCH_USER_PATHS = NO;
				CLANG_ANALYZER_NONNULL = YES;
				CLANG_ANALYZER_NUMBER_OBJECT_CONVERSION = YES_AGGRESSIVE;
				CLANG_CXX_LANGUAGE_STANDARD = "gnu++14";
				CLANG_CXX_LIBRARY = "libc++";
				CLANG_ENABLE_MODULES = YES;
				CLANG_ENABLE_OBJC_ARC = YES;
				CLANG_ENABLE_OBJC_WEAK = YES;
				CLANG_WARN_BLOCK_CAPTURE_AUTORELEASING = YES;
				CLANG_WARN_BOOL_CONVERSION = YES;
				CLANG_WARN_COMMA = YES;
				CLANG_WARN_CONSTANT_CONVERSION = YES;
				CLANG_WARN_DEPRECATED_OBJC_IMPLEMENTATIONS = YES;
				CLANG_WARN_DIRECT_OBJC_ISA_USAGE = YES_ERROR;
				CLANG_WARN_DOCUMENTATION_COMMENTS = YES;
				CLANG_WARN_EMPTY_BODY = YES;
				CLANG_WARN_ENUM_CONVERSION = YES;
				CLANG_WARN_INFINITE_RECURSION = YES;
				CLANG_WARN_INT_CONVERSION = YES;
				CLANG_WARN_NON_LITERAL_NULL_CONVERSION = YES;
				CLANG_WARN_OBJC_IMPLICIT_RETAIN_SELF = YES;
				CLANG_WARN_OBJC_LITERAL_CONVERSION = YES;
				CLANG_WARN_OBJC_ROOT_CLASS = YES_ERROR;
				CLANG_WARN_RANGE_LOOP_ANALYSIS = YES;
				CLANG_WARN_STRICT_PROTOTYPES = YES;
				CLANG_WARN_SUSPICIOUS_MOVE = YES;
				CLANG_WARN_UNGUARDED_AVAILABILITY = YES_AGGRESSIVE;
				CLANG_WARN_UNREACHABLE_CODE = YES;
				CLANG_WARN__DUPLICATE_METHOD_MATCH = YES;
				CODE_SIGN_IDENTITY = "iPhone Developer";
				COPY_PHASE_STRIP = NO;
				DEBUG_INFORMATION_FORMAT = "dwarf-with-dsym";
				ENABLE_NS_ASSERTIONS = NO;
				ENABLE_STRICT_OBJC_MSGSEND = YES;
				GCC_C_LANGUAGE_STANDARD = gnu11;
				GCC_NO_COMMON_BLOCKS = YES;
				GCC_WARN_64_TO_32_BIT_CONVERSION = YES;
				GCC_WARN_ABOUT_RETURN_TYPE = YES_ERROR;
				GCC_WARN_UNDECLARED_SELECTOR = YES;
				GCC_WARN_UNINITIALIZED_AUTOS = YES_AGGRESSIVE;
				GCC_WARN_UNUSED_FUNCTION = YES;
				GCC_WARN_UNUSED_VARIABLE = YES;
				IPHONEOS_DEPLOYMENT_TARGET = 12.2;
				MTL_ENABLE_DEBUG_INFO = NO;
				MTL_FAST_MATH = YES;
				SDKROOT = iphoneos;
				SWIFT_COMPILATION_MODE = wholemodule;
				SWIFT_OPTIMIZATION_LEVEL = "-O";
				VALIDATE_PRODUCT = YES;
			};
			name = Release;
		};
		FE701C0322D7364600FC06CE /* Debug */ = {
			isa = XCBuildConfiguration;
			baseConfigurationReference = 794909069523DA50B9948C74 /* Pods-GoGig.debug.xcconfig */;
			buildSettings = {
				ASSETCATALOG_COMPILER_APPICON_NAME = AppIcon;
				CODE_SIGN_STYLE = Automatic;
				DEVELOPMENT_TEAM = SCZ5X2T8PZ;
				INFOPLIST_FILE = GoGig/Info.plist;
				INFOPLIST_OTHER_PREPROCESSOR_FLAGS = GoGig/Info.plist;
				LD_RUNPATH_SEARCH_PATHS = (
					"$(inherited)",
					"@executable_path/Frameworks",
				);
				PRODUCT_BUNDLE_IDENTIFIER = com.ChillyDesigns.GoGig;
				PRODUCT_NAME = "$(TARGET_NAME)";
				SWIFT_VERSION = 5.0;
				TARGETED_DEVICE_FAMILY = "1,2";
			};
			name = Debug;
		};
		FE701C0422D7364600FC06CE /* Release */ = {
			isa = XCBuildConfiguration;
			baseConfigurationReference = 247BD3913CFF680B937268F8 /* Pods-GoGig.release.xcconfig */;
			buildSettings = {
				ASSETCATALOG_COMPILER_APPICON_NAME = AppIcon;
				CODE_SIGN_STYLE = Automatic;
				DEVELOPMENT_TEAM = SCZ5X2T8PZ;
				INFOPLIST_FILE = GoGig/Info.plist;
				INFOPLIST_OTHER_PREPROCESSOR_FLAGS = GoGig/Info.plist;
				LD_RUNPATH_SEARCH_PATHS = (
					"$(inherited)",
					"@executable_path/Frameworks",
				);
				PRODUCT_BUNDLE_IDENTIFIER = com.ChillyDesigns.GoGig;
				PRODUCT_NAME = "$(TARGET_NAME)";
				SWIFT_VERSION = 5.0;
				TARGETED_DEVICE_FAMILY = "1,2";
			};
			name = Release;
		};
/* End XCBuildConfiguration section */

/* Begin XCConfigurationList section */
		FE701BEB22D7364300FC06CE /* Build configuration list for PBXProject "GoGig" */ = {
			isa = XCConfigurationList;
			buildConfigurations = (
				FE701C0022D7364600FC06CE /* Debug */,
				FE701C0122D7364600FC06CE /* Release */,
			);
			defaultConfigurationIsVisible = 0;
			defaultConfigurationName = Release;
		};
		FE701C0222D7364600FC06CE /* Build configuration list for PBXNativeTarget "GoGig" */ = {
			isa = XCConfigurationList;
			buildConfigurations = (
				FE701C0322D7364600FC06CE /* Debug */,
				FE701C0422D7364600FC06CE /* Release */,
			);
			defaultConfigurationIsVisible = 0;
			defaultConfigurationName = Release;
		};
/* End XCConfigurationList section */
	};
	rootObject = FE701BE822D7364300FC06CE /* Project object */;
}
